<Solution>
  <Folder Name="/src/">
    <Project Path="src/docker-compose.dcproj">
      <Build />
    </Project>
  </Folder>
  <Folder Name="/src/BuildingBlocks/">
    <Project Path="src/BuildingBlocks/Common/Common.csproj" />
    <Project Path="src/BuildingBlocks/ConsulIntegrationHelpers/ConsulIntegrationHelpers.csproj" />
    <Project Path="src/BuildingBlocks/Diagnostics/Diagnostics.csproj" />
    <Project Path="src/BuildingBlocks/EventBus/EventBus.csproj" />
    <Project Path="src/BuildingBlocks/GrpcIntegrationHelpers/GrpcIntegrationHelpers.csproj" />
    <Project Path="src/BuildingBlocks/Identity/Identity.csproj" Id="bb05945e-d979-4725-8017-6ff744bbf480" />
    <Project Path="src/BuildingBlocks/Logging/Logging.csproj" />
    <Project Path="src/BuildingBlocks/Persistence/Persistence.csproj" />
  </Folder>
  <Folder Name="/src/BuildingBlocks/configs/" />
  <Folder Name="/src/BuildingBlocks/configs/grafana/">
    <File Path="src/BuildingBlocks/configs/grafana/datasource.yml" />
  </Folder>
  <Folder Name="/src/BuildingBlocks/configs/keycloak/">
    <File Path="src/BuildingBlocks/configs/keycloak/keycloak-to-rabbit-3.0.5.jar" />
    <File Path="src/BuildingBlocks/configs/keycloak/realm-rent-acme.json" />
  </Folder>
  <Folder Name="/src/BuildingBlocks/configs/loki/">
    <File Path="src/BuildingBlocks/configs/loki/loki.yml" />
  </Folder>
  <Folder Name="/src/BuildingBlocks/configs/otel-collector/">
    <File Path="src/BuildingBlocks/configs/otel-collector/otel-collector.yml" />
  </Folder>
  <Folder Name="/src/BuildingBlocks/configs/prometheus/">
    <File Path="src/BuildingBlocks/configs/prometheus/prometheus.yml" />
  </Folder>
  <Folder Name="/src/BuildingBlocks/configs/tempo/">
    <File Path="src/BuildingBlocks/configs/tempo/tempo.yml" />
  </Folder>
  <Folder Name="/src/BuildingBlocks/Proto/">
    <File Path="src/BuildingBlocks/Protos/inventory.proto" />
    <File Path="src/BuildingBlocks/Protos/notification.proto" />
    <File Path="src/BuildingBlocks/Protos/user.proto" />
  </Folder>
  <Folder Name="/src/Gateways/">
    <Project Path="src/Gateways/APIGateway/APIGateway.csproj" />
  </Folder>
  <Folder Name="/src/Services/" />
  <Folder Name="/src/Services/Inventory/">
    <Project Path="src/Services/Inventory/Inventory.API/Inventory.API.csproj" />
    <Project Path="src/Services/Inventory/Inventory.Application/Inventory.Application.csproj" />
    <Project Path="src/Services/Inventory/Inventory.Domain/Inventory.Domain.csproj" />
    <Project Path="src/Services/Inventory/Inventory.Infrastructure.Persistence/Inventory.Infrastructure.Persistence.csproj" />
    <Project Path="src/Services/Inventory/Inventory.Infrastructure/Inventory.Infrastructure.csproj" />
  </Folder>
  <Folder Name="/src/Services/Notification/">
    <Project Path="src/Services/Notification/Notification.API/Notification.API.csproj" />
    <Project Path="src/Services/Notification/Notification.Appication/Notification.Appication.csproj" />
    <Project Path="src/Services/Notification/Notification.Domain/Notification.Domain.csproj" />
    <Project Path="src/Services/Notification/Notification.Infrastructure/Notification.Infrastructure.csproj" />
  </Folder>
  <Folder Name="/src/Services/Payment/">
    <Project Path="src/Services/Payment/Payment.API/Payment.API.csproj" />
    <Project Path="src/Services/Payment/Payment.Application/Payment.Application.csproj" />
    <Project Path="src/Services/Payment/Payment.Infrastructure/Payment.Infrastructure.csproj" />
  </Folder>
  <Folder Name="/src/Services/Reservation/">
    <Project Path="src/Services/Reservation/Reservation.API/Reservation.API.csproj" />
    <Project Path="src/Services/Reservation/Reservation.Application/Reservation.Application.csproj" />
    <Project Path="src/Services/Reservation/Reservation.Domain/Reservation.Domain.csproj" />
    <Project Path="src/Services/Reservation/Reservation.Infrastructure.Persistence/Reservation.Infrastructure.Persistence.csproj" />
    <Project Path="src/Services/Reservation/Reservation.Infrastructure/Reservation.Infrastructure.csproj" />
  </Folder>
  <Folder Name="/src/Services/User/">
    <Project Path="src/Services/User/User.API/User.API.csproj" />
    <Project Path="src/Services/User/User.Application/User.Application.csproj" />
    <Project Path="src/Services/User/User.Domain/User.Domain.csproj" />
    <Project Path="src/Services/User/User.Infrastructure.Persistence/User.Infrastructure.Persistence.csproj" />
    <Project Path="src/Services/User/User.Infrastructure/User.Infrastructure.csproj" />
  </Folder>
  <Folder Name="/src/StateMachines/">
    <Project Path="src/StateMachines/SagaOrchestrationStateMachine/SagaOrchestrationStateMachine.csproj" />
  </Folder>
  <Folder Name="/tests/" />
  <Folder Name="/tests/Services/" />
  <Folder Name="/tests/Services/Reservation/">
    <Project Path="tests/Services/Reservation/Reservation.Application.UnitTests/Reservation.Application.UnitTests.csproj" />
  </Folder>
</Solution>
