
Microsoft Visual Studio Solution File, Format Version 12.00
# Visual Studio Version 17
VisualStudioVersion = 17.9.34723.18
MinimumVisualStudioVersion = 10.0.40219.1
Project("{2150E333-8FDC-42A3-9474-1A3956D46DE8}") = "src", "src", "{458C47D9-7212-4002-ADFA-03D2BB550A16}"
EndProject
Project("{E53339B2-1760-4266-BCC7-CA923CBCF16C}") = "docker-compose", "src\docker-compose.dcproj", "{8DB02828-6878-4F55-AF0E-1341F20B8960}"
EndProject
Project("{2150E333-8FDC-42A3-9474-1A3956D46DE8}") = "Services", "Services", "{4BB15CDC-09C2-4B46-BE9E-A9DCC0134C47}"
EndProject
Project("{2150E333-8FDC-42A3-9474-1A3956D46DE8}") = "User", "User", "{79DE025E-2885-4FC1-A31B-1119699F3DD4}"
EndProject
Project("{2150E333-8FDC-42A3-9474-1A3956D46DE8}") = "Reservation", "Reservation", "{454D97B2-0678-400F-B894-DFFE45F71598}"
EndProject
Project("{9A19103F-16F7-4668-BE54-9A1E7A4F7556}") = "User.Application", "src\Services\User\User.Application\User.Application.csproj", "{6333C435-FA2B-40D0-8E28-6273F160E98A}"
EndProject
Project("{2150E333-8FDC-42A3-9474-1A3956D46DE8}") = "tests", "tests", "{001079EE-4F1B-4FD4-8C99-EC695E1AB2B4}"
EndProject
Project("{2150E333-8FDC-42A3-9474-1A3956D46DE8}") = "Services", "Services", "{211F657C-9161-4AE9-BFF6-68DDD4057845}"
EndProject
Project("{9A19103F-16F7-4668-BE54-9A1E7A4F7556}") = "User.Domain", "src\Services\User\User.Domain\User.Domain.csproj", "{30B1BFC8-8451-4630-8C9B-05DE132A7FC2}"
EndProject
Project("{9A19103F-16F7-4668-BE54-9A1E7A4F7556}") = "User.Infrastructure", "src\Services\User\User.Infrastructure\User.Infrastructure.csproj", "{01A0BF69-8856-4F33-8A57-1639808A42EF}"
EndProject
Project("{9A19103F-16F7-4668-BE54-9A1E7A4F7556}") = "User.Infrastructure.Persistence", "src\Services\User\User.Infrastructure.Persistence\User.Infrastructure.Persistence.csproj", "{0CB796D8-0FC5-432C-BAA2-D496A4C039F5}"
EndProject
Project("{9A19103F-16F7-4668-BE54-9A1E7A4F7556}") = "Reservation.Application", "src\Services\Reservation\Reservation.Application\Reservation.Application.csproj", "{9309BBF8-3D7E-4520-BF46-7280A2E69EF1}"
EndProject
Project("{9A19103F-16F7-4668-BE54-9A1E7A4F7556}") = "Reservation.API", "src\Services\Reservation\Reservation.API\Reservation.API.csproj", "{33D4BBCF-5258-434E-BBB6-54D63D02C0CB}"
EndProject
Project("{9A19103F-16F7-4668-BE54-9A1E7A4F7556}") = "Reservation.Domain", "src\Services\Reservation\Reservation.Domain\Reservation.Domain.csproj", "{71FFEADA-6E0B-409C-9130-151D2D53E043}"
EndProject
Project("{9A19103F-16F7-4668-BE54-9A1E7A4F7556}") = "Reservation.Infrastructure", "src\Services\Reservation\Reservation.Infrastructure\Reservation.Infrastructure.csproj", "{E7031B59-4021-4E66-8D33-BB6A15E77889}"
EndProject
Project("{9A19103F-16F7-4668-BE54-9A1E7A4F7556}") = "Reservation.Infrastructure.Persistence", "src\Services\Reservation\Reservation.Infrastructure.Persistence\Reservation.Infrastructure.Persistence.csproj", "{69E55C37-8AD3-430D-AE1D-6223E1D0D799}"
EndProject
Project("{2150E333-8FDC-42A3-9474-1A3956D46DE8}") = "Gateways", "Gateways", "{719CC491-357C-4EA7-AEA4-AE0B5B4921C4}"
EndProject
Project("{2150E333-8FDC-42A3-9474-1A3956D46DE8}") = "Reservation", "Reservation", "{6CD74CA2-57DF-481A-AA1B-819A04AED5B0}"
EndProject
Project("{9A19103F-16F7-4668-BE54-9A1E7A4F7556}") = "Reservation.Application.UnitTests", "tests\Services\Reservation\Reservation.Application.UnitTests\Reservation.Application.UnitTests.csproj", "{C9AF3BF8-963E-402D-BFE9-D52E6D9C6DFB}"
EndProject
Project("{9A19103F-16F7-4668-BE54-9A1E7A4F7556}") = "User.API", "src\Services\User\User.API\User.API.csproj", "{70EE045E-EC7E-4AD3-A191-6DA41B5CC080}"
EndProject
Project("{2150E333-8FDC-42A3-9474-1A3956D46DE8}") = "Inventory", "Inventory", "{94856CA8-F17B-4045-A08A-86D79D5B8570}"
EndProject
Project("{9A19103F-16F7-4668-BE54-9A1E7A4F7556}") = "Inventory.API", "src\Services\Inventory\Inventory.API\Inventory.API.csproj", "{70FBF11C-D03D-4648-8A46-6B1688D8E3D3}"
EndProject
Project("{9A19103F-16F7-4668-BE54-9A1E7A4F7556}") = "Inventory.Application", "src\Services\Inventory\Inventory.Application\Inventory.Application.csproj", "{C1DDAC7C-579C-4F2A-9949-72BEB6AD9471}"
EndProject
Project("{9A19103F-16F7-4668-BE54-9A1E7A4F7556}") = "Inventory.Domain", "src\Services\Inventory\Inventory.Domain\Inventory.Domain.csproj", "{701BAAE4-3271-4623-BCEB-4B52057F9C1F}"
EndProject
Project("{9A19103F-16F7-4668-BE54-9A1E7A4F7556}") = "Inventory.Infrastructure", "src\Services\Inventory\Inventory.Infrastructure\Inventory.Infrastructure.csproj", "{ED8D741B-2CB7-4942-A9EE-12F2411E9F67}"
EndProject
Project("{9A19103F-16F7-4668-BE54-9A1E7A4F7556}") = "Inventory.Infrastructure.Persistence", "src\Services\Inventory\Inventory.Infrastructure.Persistence\Inventory.Infrastructure.Persistence.csproj", "{9AA54DB8-AE53-4DDB-B674-803812970624}"
EndProject
Project("{2150E333-8FDC-42A3-9474-1A3956D46DE8}") = "BuildingBlocks", "BuildingBlocks", "{54B67188-948F-4BC5-A0E9-257F1B994C8F}"
EndProject
Project("{9A19103F-16F7-4668-BE54-9A1E7A4F7556}") = "EventBus", "src\BuildingBlocks\EventBus\EventBus.csproj", "{3C030830-77D3-46EF-9A8A-7671906C23EC}"
EndProject
Project("{9A19103F-16F7-4668-BE54-9A1E7A4F7556}") = "Diagnostics", "src\BuildingBlocks\Diagnostics\Diagnostics.csproj", "{11FF808B-4EC1-4D55-9CC6-E94BD68B4671}"
EndProject
Project("{2150E333-8FDC-42A3-9474-1A3956D46DE8}") = "grafana", "grafana", "{00AAC41B-F2A1-4C20-9CFF-05601B292F95}"
	ProjectSection(SolutionItems) = preProject
		src\BuildingBlocks\configs\grafana\datasource.yml = src\BuildingBlocks\configs\grafana\datasource.yml
	EndProjectSection
EndProject
Project("{2150E333-8FDC-42A3-9474-1A3956D46DE8}") = "prometheus", "prometheus", "{4AD53E3C-0E80-4418-AC00-A99E0186BDCD}"
	ProjectSection(SolutionItems) = preProject
		src\BuildingBlocks\configs\prometheus\prometheus.yml = src\BuildingBlocks\configs\prometheus\prometheus.yml
	EndProjectSection
EndProject
Project("{9A19103F-16F7-4668-BE54-9A1E7A4F7556}") = "Persistence", "src\BuildingBlocks\Persistence\Persistence.csproj", "{0190CD64-0EB5-4705-B5E1-A82C49E4F6EF}"
EndProject
Project("{2150E333-8FDC-42A3-9474-1A3956D46DE8}") = "tempo", "tempo", "{A6B754FA-E38A-4B5C-84F9-DE26B2490DA6}"
	ProjectSection(SolutionItems) = preProject
		src\BuildingBlocks\configs\tempo\tempo.yml = src\BuildingBlocks\configs\tempo\tempo.yml
	EndProjectSection
EndProject
Project("{2150E333-8FDC-42A3-9474-1A3956D46DE8}") = "otel-collector", "otel-collector", "{1D2A29B0-F3FB-4121-9ABD-565C18DF7E0B}"
	ProjectSection(SolutionItems) = preProject
		src\BuildingBlocks\configs\otel-collector\otel-collector.yml = src\BuildingBlocks\configs\otel-collector\otel-collector.yml
	EndProjectSection
EndProject
Project("{2150E333-8FDC-42A3-9474-1A3956D46DE8}") = "loki", "loki", "{69D4E67E-02FC-4593-BEAC-5615A60903B8}"
	ProjectSection(SolutionItems) = preProject
		src\BuildingBlocks\configs\loki\loki.yml = src\BuildingBlocks\configs\loki\loki.yml
	EndProjectSection
EndProject
Project("{2150E333-8FDC-42A3-9474-1A3956D46DE8}") = "configs", "configs", "{E272C46B-195E-4B7F-8EC3-C0F21DF812DF}"
EndProject
Project("{9A19103F-16F7-4668-BE54-9A1E7A4F7556}") = "Logging", "src\BuildingBlocks\Logging\Logging.csproj", "{98ACB30A-B967-42D4-8267-18120A25ADE4}"
EndProject
Project("{2150E333-8FDC-42A3-9474-1A3956D46DE8}") = "Notification", "Notification", "{FB5975AF-C8B8-40C1-A94D-C279150D1783}"
EndProject
Project("{9A19103F-16F7-4668-BE54-9A1E7A4F7556}") = "Notification.API", "src\Services\Notification\Notification.API\Notification.API.csproj", "{AB907D6D-C954-4F15-B75D-1BE3FB27592D}"
EndProject
Project("{9A19103F-16F7-4668-BE54-9A1E7A4F7556}") = "Notification.Appication", "src\Services\Notification\Notification.Appication\Notification.Appication.csproj", "{C4084697-EB3F-4AE9-B6BB-E3812A20961B}"
EndProject
Project("{9A19103F-16F7-4668-BE54-9A1E7A4F7556}") = "Notification.Domain", "src\Services\Notification\Notification.Domain\Notification.Domain.csproj", "{AF44E2DD-0D19-41F4-91A9-B057F8E62528}"
EndProject
Project("{9A19103F-16F7-4668-BE54-9A1E7A4F7556}") = "Notification.Infrastructure", "src\Services\Notification\Notification.Infrastructure\Notification.Infrastructure.csproj", "{1CB65EC7-AD06-4CBB-9CFF-5CE0A047B700}"
EndProject
Project("{2150E333-8FDC-42A3-9474-1A3956D46DE8}") = "Proto", "Proto", "{2742800F-ABC4-419B-AA20-CC539E1AC576}"
	ProjectSection(SolutionItems) = preProject
		src\BuildingBlocks\Protos\inventory.proto = src\BuildingBlocks\Protos\inventory.proto
		src\BuildingBlocks\Protos\notification.proto = src\BuildingBlocks\Protos\notification.proto
		src\BuildingBlocks\Protos\user.proto = src\BuildingBlocks\Protos\user.proto
	EndProjectSection
EndProject
Project("{2150E333-8FDC-42A3-9474-1A3956D46DE8}") = "Payment", "Payment", "{309E3470-DCA4-41EE-A8BF-0EFA1DD4836D}"
EndProject
Project("{9A19103F-16F7-4668-BE54-9A1E7A4F7556}") = "Payment.API", "src\Services\Payment\Payment.API\Payment.API.csproj", "{4823D9E5-FCD6-40BE-8EBF-8D5E82622110}"
EndProject
Project("{9A19103F-16F7-4668-BE54-9A1E7A4F7556}") = "Payment.Application", "src\Services\Payment\Payment.Application\Payment.Application.csproj", "{B6CD5175-F6FD-4BA3-86F9-12AC099D959F}"
EndProject
Project("{2150E333-8FDC-42A3-9474-1A3956D46DE8}") = "StateMachines", "StateMachines", "{07150554-7BCB-44B8-8868-D257E3BE9D4F}"
EndProject
Project("{9A19103F-16F7-4668-BE54-9A1E7A4F7556}") = "APIGateway", "src\Gateways\APIGateway\APIGateway.csproj", "{561B2D37-38E3-4A8D-BBAF-373FC1D43285}"
EndProject
Project("{9A19103F-16F7-4668-BE54-9A1E7A4F7556}") = "Common", "src\BuildingBlocks\Common\Common.csproj", "{638E8776-97FF-4628-9542-5B3BAE72C99D}"
EndProject
Project("{9A19103F-16F7-4668-BE54-9A1E7A4F7556}") = "ConsulIntegrationHelpers", "src\BuildingBlocks\ConsulIntegrationHelpers\ConsulIntegrationHelpers.csproj", "{1D4974CC-1134-4586-AC25-318080A03E18}"
EndProject
Project("{9A19103F-16F7-4668-BE54-9A1E7A4F7556}") = "Payment.Infrastructure", "src\Services\Payment\Payment.Infrastructure\Payment.Infrastructure.csproj", "{623D5289-6983-4317-B4A2-3E81DC93A09B}"
EndProject
Project("{9A19103F-16F7-4668-BE54-9A1E7A4F7556}") = "SagaOrchestrationStateMachine", "src\StateMachines\SagaOrchestrationStateMachine\SagaOrchestrationStateMachine.csproj", "{0043E96A-5C53-47EF-9AF5-B1ABD51ED7F1}"
EndProject
Project("{9A19103F-16F7-4668-BE54-9A1E7A4F7556}") = "GrpcIntegrationHelpers", "src\BuildingBlocks\GrpcIntegrationHelpers\GrpcIntegrationHelpers.csproj", "{C57607C1-F454-4AB3-AE78-4689BBD2531F}"
EndProject
Global
	GlobalSection(SolutionConfigurationPlatforms) = preSolution
		Debug|Any CPU = Debug|Any CPU
		Release|Any CPU = Release|Any CPU
	EndGlobalSection
	GlobalSection(ProjectConfigurationPlatforms) = postSolution
		{8DB02828-6878-4F55-AF0E-1341F20B8960}.Debug|Any CPU.ActiveCfg = Debug|Any CPU
		{8DB02828-6878-4F55-AF0E-1341F20B8960}.Debug|Any CPU.Build.0 = Debug|Any CPU
		{8DB02828-6878-4F55-AF0E-1341F20B8960}.Release|Any CPU.ActiveCfg = Release|Any CPU
		{8DB02828-6878-4F55-AF0E-1341F20B8960}.Release|Any CPU.Build.0 = Release|Any CPU
		{6333C435-FA2B-40D0-8E28-6273F160E98A}.Debug|Any CPU.ActiveCfg = Debug|Any CPU
		{6333C435-FA2B-40D0-8E28-6273F160E98A}.Debug|Any CPU.Build.0 = Debug|Any CPU
		{6333C435-FA2B-40D0-8E28-6273F160E98A}.Release|Any CPU.ActiveCfg = Release|Any CPU
		{6333C435-FA2B-40D0-8E28-6273F160E98A}.Release|Any CPU.Build.0 = Release|Any CPU
		{30B1BFC8-8451-4630-8C9B-05DE132A7FC2}.Debug|Any CPU.ActiveCfg = Debug|Any CPU
		{30B1BFC8-8451-4630-8C9B-05DE132A7FC2}.Debug|Any CPU.Build.0 = Debug|Any CPU
		{30B1BFC8-8451-4630-8C9B-05DE132A7FC2}.Release|Any CPU.ActiveCfg = Release|Any CPU
		{30B1BFC8-8451-4630-8C9B-05DE132A7FC2}.Release|Any CPU.Build.0 = Release|Any CPU
		{01A0BF69-8856-4F33-8A57-1639808A42EF}.Debug|Any CPU.ActiveCfg = Debug|Any CPU
		{01A0BF69-8856-4F33-8A57-1639808A42EF}.Debug|Any CPU.Build.0 = Debug|Any CPU
		{01A0BF69-8856-4F33-8A57-1639808A42EF}.Release|Any CPU.ActiveCfg = Release|Any CPU
		{01A0BF69-8856-4F33-8A57-1639808A42EF}.Release|Any CPU.Build.0 = Release|Any CPU
		{0CB796D8-0FC5-432C-BAA2-D496A4C039F5}.Debug|Any CPU.ActiveCfg = Debug|Any CPU
		{0CB796D8-0FC5-432C-BAA2-D496A4C039F5}.Debug|Any CPU.Build.0 = Debug|Any CPU
		{0CB796D8-0FC5-432C-BAA2-D496A4C039F5}.Release|Any CPU.ActiveCfg = Release|Any CPU
		{0CB796D8-0FC5-432C-BAA2-D496A4C039F5}.Release|Any CPU.Build.0 = Release|Any CPU
		{9309BBF8-3D7E-4520-BF46-7280A2E69EF1}.Debug|Any CPU.ActiveCfg = Debug|Any CPU
		{9309BBF8-3D7E-4520-BF46-7280A2E69EF1}.Debug|Any CPU.Build.0 = Debug|Any CPU
		{9309BBF8-3D7E-4520-BF46-7280A2E69EF1}.Release|Any CPU.ActiveCfg = Release|Any CPU
		{9309BBF8-3D7E-4520-BF46-7280A2E69EF1}.Release|Any CPU.Build.0 = Release|Any CPU
		{33D4BBCF-5258-434E-BBB6-54D63D02C0CB}.Debug|Any CPU.ActiveCfg = Debug|Any CPU
		{33D4BBCF-5258-434E-BBB6-54D63D02C0CB}.Debug|Any CPU.Build.0 = Debug|Any CPU
		{33D4BBCF-5258-434E-BBB6-54D63D02C0CB}.Release|Any CPU.ActiveCfg = Release|Any CPU
		{33D4BBCF-5258-434E-BBB6-54D63D02C0CB}.Release|Any CPU.Build.0 = Release|Any CPU
		{71FFEADA-6E0B-409C-9130-151D2D53E043}.Debug|Any CPU.ActiveCfg = Debug|Any CPU
		{71FFEADA-6E0B-409C-9130-151D2D53E043}.Debug|Any CPU.Build.0 = Debug|Any CPU
		{71FFEADA-6E0B-409C-9130-151D2D53E043}.Release|Any CPU.ActiveCfg = Release|Any CPU
		{71FFEADA-6E0B-409C-9130-151D2D53E043}.Release|Any CPU.Build.0 = Release|Any CPU
		{E7031B59-4021-4E66-8D33-BB6A15E77889}.Debug|Any CPU.ActiveCfg = Debug|Any CPU
		{E7031B59-4021-4E66-8D33-BB6A15E77889}.Debug|Any CPU.Build.0 = Debug|Any CPU
		{E7031B59-4021-4E66-8D33-BB6A15E77889}.Release|Any CPU.ActiveCfg = Release|Any CPU
		{E7031B59-4021-4E66-8D33-BB6A15E77889}.Release|Any CPU.Build.0 = Release|Any CPU
		{69E55C37-8AD3-430D-AE1D-6223E1D0D799}.Debug|Any CPU.ActiveCfg = Debug|Any CPU
		{69E55C37-8AD3-430D-AE1D-6223E1D0D799}.Debug|Any CPU.Build.0 = Debug|Any CPU
		{69E55C37-8AD3-430D-AE1D-6223E1D0D799}.Release|Any CPU.ActiveCfg = Release|Any CPU
		{69E55C37-8AD3-430D-AE1D-6223E1D0D799}.Release|Any CPU.Build.0 = Release|Any CPU
		{C9AF3BF8-963E-402D-BFE9-D52E6D9C6DFB}.Debug|Any CPU.ActiveCfg = Debug|Any CPU
		{C9AF3BF8-963E-402D-BFE9-D52E6D9C6DFB}.Debug|Any CPU.Build.0 = Debug|Any CPU
		{C9AF3BF8-963E-402D-BFE9-D52E6D9C6DFB}.Release|Any CPU.ActiveCfg = Release|Any CPU
		{C9AF3BF8-963E-402D-BFE9-D52E6D9C6DFB}.Release|Any CPU.Build.0 = Release|Any CPU
		{70EE045E-EC7E-4AD3-A191-6DA41B5CC080}.Debug|Any CPU.ActiveCfg = Debug|Any CPU
		{70EE045E-EC7E-4AD3-A191-6DA41B5CC080}.Debug|Any CPU.Build.0 = Debug|Any CPU
		{70EE045E-EC7E-4AD3-A191-6DA41B5CC080}.Release|Any CPU.ActiveCfg = Release|Any CPU
		{70EE045E-EC7E-4AD3-A191-6DA41B5CC080}.Release|Any CPU.Build.0 = Release|Any CPU
		{70FBF11C-D03D-4648-8A46-6B1688D8E3D3}.Debug|Any CPU.ActiveCfg = Debug|Any CPU
		{70FBF11C-D03D-4648-8A46-6B1688D8E3D3}.Debug|Any CPU.Build.0 = Debug|Any CPU
		{70FBF11C-D03D-4648-8A46-6B1688D8E3D3}.Release|Any CPU.ActiveCfg = Release|Any CPU
		{70FBF11C-D03D-4648-8A46-6B1688D8E3D3}.Release|Any CPU.Build.0 = Release|Any CPU
		{C1DDAC7C-579C-4F2A-9949-72BEB6AD9471}.Debug|Any CPU.ActiveCfg = Debug|Any CPU
		{C1DDAC7C-579C-4F2A-9949-72BEB6AD9471}.Debug|Any CPU.Build.0 = Debug|Any CPU
		{C1DDAC7C-579C-4F2A-9949-72BEB6AD9471}.Release|Any CPU.ActiveCfg = Release|Any CPU
		{C1DDAC7C-579C-4F2A-9949-72BEB6AD9471}.Release|Any CPU.Build.0 = Release|Any CPU
		{701BAAE4-3271-4623-BCEB-4B52057F9C1F}.Debug|Any CPU.ActiveCfg = Debug|Any CPU
		{701BAAE4-3271-4623-BCEB-4B52057F9C1F}.Debug|Any CPU.Build.0 = Debug|Any CPU
		{701BAAE4-3271-4623-BCEB-4B52057F9C1F}.Release|Any CPU.ActiveCfg = Release|Any CPU
		{701BAAE4-3271-4623-BCEB-4B52057F9C1F}.Release|Any CPU.Build.0 = Release|Any CPU
		{ED8D741B-2CB7-4942-A9EE-12F2411E9F67}.Debug|Any CPU.ActiveCfg = Debug|Any CPU
		{ED8D741B-2CB7-4942-A9EE-12F2411E9F67}.Debug|Any CPU.Build.0 = Debug|Any CPU
		{ED8D741B-2CB7-4942-A9EE-12F2411E9F67}.Release|Any CPU.ActiveCfg = Release|Any CPU
		{ED8D741B-2CB7-4942-A9EE-12F2411E9F67}.Release|Any CPU.Build.0 = Release|Any CPU
		{9AA54DB8-AE53-4DDB-B674-803812970624}.Debug|Any CPU.ActiveCfg = Debug|Any CPU
		{9AA54DB8-AE53-4DDB-B674-803812970624}.Debug|Any CPU.Build.0 = Debug|Any CPU
		{9AA54DB8-AE53-4DDB-B674-803812970624}.Release|Any CPU.ActiveCfg = Release|Any CPU
		{9AA54DB8-AE53-4DDB-B674-803812970624}.Release|Any CPU.Build.0 = Release|Any CPU
		{3C030830-77D3-46EF-9A8A-7671906C23EC}.Debug|Any CPU.ActiveCfg = Debug|Any CPU
		{3C030830-77D3-46EF-9A8A-7671906C23EC}.Debug|Any CPU.Build.0 = Debug|Any CPU
		{3C030830-77D3-46EF-9A8A-7671906C23EC}.Release|Any CPU.ActiveCfg = Release|Any CPU
		{3C030830-77D3-46EF-9A8A-7671906C23EC}.Release|Any CPU.Build.0 = Release|Any CPU
		{11FF808B-4EC1-4D55-9CC6-E94BD68B4671}.Debug|Any CPU.ActiveCfg = Debug|Any CPU
		{11FF808B-4EC1-4D55-9CC6-E94BD68B4671}.Debug|Any CPU.Build.0 = Debug|Any CPU
		{11FF808B-4EC1-4D55-9CC6-E94BD68B4671}.Release|Any CPU.ActiveCfg = Release|Any CPU
		{11FF808B-4EC1-4D55-9CC6-E94BD68B4671}.Release|Any CPU.Build.0 = Release|Any CPU
		{0190CD64-0EB5-4705-B5E1-A82C49E4F6EF}.Debug|Any CPU.ActiveCfg = Debug|Any CPU
		{0190CD64-0EB5-4705-B5E1-A82C49E4F6EF}.Debug|Any CPU.Build.0 = Debug|Any CPU
		{0190CD64-0EB5-4705-B5E1-A82C49E4F6EF}.Release|Any CPU.ActiveCfg = Release|Any CPU
		{0190CD64-0EB5-4705-B5E1-A82C49E4F6EF}.Release|Any CPU.Build.0 = Release|Any CPU
		{98ACB30A-B967-42D4-8267-18120A25ADE4}.Debug|Any CPU.ActiveCfg = Debug|Any CPU
		{98ACB30A-B967-42D4-8267-18120A25ADE4}.Debug|Any CPU.Build.0 = Debug|Any CPU
		{98ACB30A-B967-42D4-8267-18120A25ADE4}.Release|Any CPU.ActiveCfg = Release|Any CPU
		{98ACB30A-B967-42D4-8267-18120A25ADE4}.Release|Any CPU.Build.0 = Release|Any CPU
		{AB907D6D-C954-4F15-B75D-1BE3FB27592D}.Debug|Any CPU.ActiveCfg = Debug|Any CPU
		{AB907D6D-C954-4F15-B75D-1BE3FB27592D}.Debug|Any CPU.Build.0 = Debug|Any CPU
		{AB907D6D-C954-4F15-B75D-1BE3FB27592D}.Release|Any CPU.ActiveCfg = Release|Any CPU
		{AB907D6D-C954-4F15-B75D-1BE3FB27592D}.Release|Any CPU.Build.0 = Release|Any CPU
		{C4084697-EB3F-4AE9-B6BB-E3812A20961B}.Debug|Any CPU.ActiveCfg = Debug|Any CPU
		{C4084697-EB3F-4AE9-B6BB-E3812A20961B}.Debug|Any CPU.Build.0 = Debug|Any CPU
		{C4084697-EB3F-4AE9-B6BB-E3812A20961B}.Release|Any CPU.ActiveCfg = Release|Any CPU
		{C4084697-EB3F-4AE9-B6BB-E3812A20961B}.Release|Any CPU.Build.0 = Release|Any CPU
		{AF44E2DD-0D19-41F4-91A9-B057F8E62528}.Debug|Any CPU.ActiveCfg = Debug|Any CPU
		{AF44E2DD-0D19-41F4-91A9-B057F8E62528}.Debug|Any CPU.Build.0 = Debug|Any CPU
		{AF44E2DD-0D19-41F4-91A9-B057F8E62528}.Release|Any CPU.ActiveCfg = Release|Any CPU
		{AF44E2DD-0D19-41F4-91A9-B057F8E62528}.Release|Any CPU.Build.0 = Release|Any CPU
		{1CB65EC7-AD06-4CBB-9CFF-5CE0A047B700}.Debug|Any CPU.ActiveCfg = Debug|Any CPU
		{1CB65EC7-AD06-4CBB-9CFF-5CE0A047B700}.Debug|Any CPU.Build.0 = Debug|Any CPU
		{1CB65EC7-AD06-4CBB-9CFF-5CE0A047B700}.Release|Any CPU.ActiveCfg = Release|Any CPU
		{1CB65EC7-AD06-4CBB-9CFF-5CE0A047B700}.Release|Any CPU.Build.0 = Release|Any CPU
		{4823D9E5-FCD6-40BE-8EBF-8D5E82622110}.Debug|Any CPU.ActiveCfg = Debug|Any CPU
		{4823D9E5-FCD6-40BE-8EBF-8D5E82622110}.Debug|Any CPU.Build.0 = Debug|Any CPU
		{4823D9E5-FCD6-40BE-8EBF-8D5E82622110}.Release|Any CPU.ActiveCfg = Release|Any CPU
		{4823D9E5-FCD6-40BE-8EBF-8D5E82622110}.Release|Any CPU.Build.0 = Release|Any CPU
		{B6CD5175-F6FD-4BA3-86F9-12AC099D959F}.Debug|Any CPU.ActiveCfg = Debug|Any CPU
		{B6CD5175-F6FD-4BA3-86F9-12AC099D959F}.Debug|Any CPU.Build.0 = Debug|Any CPU
		{B6CD5175-F6FD-4BA3-86F9-12AC099D959F}.Release|Any CPU.ActiveCfg = Release|Any CPU
		{B6CD5175-F6FD-4BA3-86F9-12AC099D959F}.Release|Any CPU.Build.0 = Release|Any CPU
		{561B2D37-38E3-4A8D-BBAF-373FC1D43285}.Debug|Any CPU.ActiveCfg = Debug|Any CPU
		{561B2D37-38E3-4A8D-BBAF-373FC1D43285}.Debug|Any CPU.Build.0 = Debug|Any CPU
		{561B2D37-38E3-4A8D-BBAF-373FC1D43285}.Release|Any CPU.ActiveCfg = Release|Any CPU
		{561B2D37-38E3-4A8D-BBAF-373FC1D43285}.Release|Any CPU.Build.0 = Release|Any CPU
		{638E8776-97FF-4628-9542-5B3BAE72C99D}.Debug|Any CPU.ActiveCfg = Debug|Any CPU
		{638E8776-97FF-4628-9542-5B3BAE72C99D}.Debug|Any CPU.Build.0 = Debug|Any CPU
		{638E8776-97FF-4628-9542-5B3BAE72C99D}.Release|Any CPU.ActiveCfg = Release|Any CPU
		{638E8776-97FF-4628-9542-5B3BAE72C99D}.Release|Any CPU.Build.0 = Release|Any CPU
		{1D4974CC-1134-4586-AC25-318080A03E18}.Debug|Any CPU.ActiveCfg = Debug|Any CPU
		{1D4974CC-1134-4586-AC25-318080A03E18}.Debug|Any CPU.Build.0 = Debug|Any CPU
		{1D4974CC-1134-4586-AC25-318080A03E18}.Release|Any CPU.ActiveCfg = Release|Any CPU
		{1D4974CC-1134-4586-AC25-318080A03E18}.Release|Any CPU.Build.0 = Release|Any CPU
		{623D5289-6983-4317-B4A2-3E81DC93A09B}.Debug|Any CPU.ActiveCfg = Debug|Any CPU
		{623D5289-6983-4317-B4A2-3E81DC93A09B}.Debug|Any CPU.Build.0 = Debug|Any CPU
		{623D5289-6983-4317-B4A2-3E81DC93A09B}.Release|Any CPU.ActiveCfg = Release|Any CPU
		{623D5289-6983-4317-B4A2-3E81DC93A09B}.Release|Any CPU.Build.0 = Release|Any CPU
		{0043E96A-5C53-47EF-9AF5-B1ABD51ED7F1}.Debug|Any CPU.ActiveCfg = Debug|Any CPU
		{0043E96A-5C53-47EF-9AF5-B1ABD51ED7F1}.Debug|Any CPU.Build.0 = Debug|Any CPU
		{0043E96A-5C53-47EF-9AF5-B1ABD51ED7F1}.Release|Any CPU.ActiveCfg = Release|Any CPU
		{0043E96A-5C53-47EF-9AF5-B1ABD51ED7F1}.Release|Any CPU.Build.0 = Release|Any CPU
		{C57607C1-F454-4AB3-AE78-4689BBD2531F}.Debug|Any CPU.ActiveCfg = Debug|Any CPU
		{C57607C1-F454-4AB3-AE78-4689BBD2531F}.Debug|Any CPU.Build.0 = Debug|Any CPU
		{C57607C1-F454-4AB3-AE78-4689BBD2531F}.Release|Any CPU.ActiveCfg = Release|Any CPU
		{C57607C1-F454-4AB3-AE78-4689BBD2531F}.Release|Any CPU.Build.0 = Release|Any CPU
	EndGlobalSection
	GlobalSection(SolutionProperties) = preSolution
		HideSolutionNode = FALSE
	EndGlobalSection
	GlobalSection(NestedProjects) = preSolution
		{8DB02828-6878-4F55-AF0E-1341F20B8960} = {458C47D9-7212-4002-ADFA-03D2BB550A16}
		{4BB15CDC-09C2-4B46-BE9E-A9DCC0134C47} = {458C47D9-7212-4002-ADFA-03D2BB550A16}
		{79DE025E-2885-4FC1-A31B-1119699F3DD4} = {4BB15CDC-09C2-4B46-BE9E-A9DCC0134C47}
		{454D97B2-0678-400F-B894-DFFE45F71598} = {4BB15CDC-09C2-4B46-BE9E-A9DCC0134C47}
		{6333C435-FA2B-40D0-8E28-6273F160E98A} = {79DE025E-2885-4FC1-A31B-1119699F3DD4}
		{211F657C-9161-4AE9-BFF6-68DDD4057845} = {001079EE-4F1B-4FD4-8C99-EC695E1AB2B4}
		{30B1BFC8-8451-4630-8C9B-05DE132A7FC2} = {79DE025E-2885-4FC1-A31B-1119699F3DD4}
		{01A0BF69-8856-4F33-8A57-1639808A42EF} = {79DE025E-2885-4FC1-A31B-1119699F3DD4}
		{0CB796D8-0FC5-432C-BAA2-D496A4C039F5} = {79DE025E-2885-4FC1-A31B-1119699F3DD4}
		{9309BBF8-3D7E-4520-BF46-7280A2E69EF1} = {454D97B2-0678-400F-B894-DFFE45F71598}
		{33D4BBCF-5258-434E-BBB6-54D63D02C0CB} = {454D97B2-0678-400F-B894-DFFE45F71598}
		{71FFEADA-6E0B-409C-9130-151D2D53E043} = {454D97B2-0678-400F-B894-DFFE45F71598}
		{E7031B59-4021-4E66-8D33-BB6A15E77889} = {454D97B2-0678-400F-B894-DFFE45F71598}
		{69E55C37-8AD3-430D-AE1D-6223E1D0D799} = {454D97B2-0678-400F-B894-DFFE45F71598}
		{719CC491-357C-4EA7-AEA4-AE0B5B4921C4} = {458C47D9-7212-4002-ADFA-03D2BB550A16}
		{6CD74CA2-57DF-481A-AA1B-819A04AED5B0} = {211F657C-9161-4AE9-BFF6-68DDD4057845}
		{C9AF3BF8-963E-402D-BFE9-D52E6D9C6DFB} = {6CD74CA2-57DF-481A-AA1B-819A04AED5B0}
		{70EE045E-EC7E-4AD3-A191-6DA41B5CC080} = {79DE025E-2885-4FC1-A31B-1119699F3DD4}
		{94856CA8-F17B-4045-A08A-86D79D5B8570} = {4BB15CDC-09C2-4B46-BE9E-A9DCC0134C47}
		{70FBF11C-D03D-4648-8A46-6B1688D8E3D3} = {94856CA8-F17B-4045-A08A-86D79D5B8570}
		{C1DDAC7C-579C-4F2A-9949-72BEB6AD9471} = {94856CA8-F17B-4045-A08A-86D79D5B8570}
		{701BAAE4-3271-4623-BCEB-4B52057F9C1F} = {94856CA8-F17B-4045-A08A-86D79D5B8570}
		{ED8D741B-2CB7-4942-A9EE-12F2411E9F67} = {94856CA8-F17B-4045-A08A-86D79D5B8570}
		{9AA54DB8-AE53-4DDB-B674-803812970624} = {94856CA8-F17B-4045-A08A-86D79D5B8570}
		{54B67188-948F-4BC5-A0E9-257F1B994C8F} = {458C47D9-7212-4002-ADFA-03D2BB550A16}
		{3C030830-77D3-46EF-9A8A-7671906C23EC} = {54B67188-948F-4BC5-A0E9-257F1B994C8F}
		{11FF808B-4EC1-4D55-9CC6-E94BD68B4671} = {54B67188-948F-4BC5-A0E9-257F1B994C8F}
		{00AAC41B-F2A1-4C20-9CFF-05601B292F95} = {E272C46B-195E-4B7F-8EC3-C0F21DF812DF}
		{4AD53E3C-0E80-4418-AC00-A99E0186BDCD} = {E272C46B-195E-4B7F-8EC3-C0F21DF812DF}
		{0190CD64-0EB5-4705-B5E1-A82C49E4F6EF} = {54B67188-948F-4BC5-A0E9-257F1B994C8F}
		{A6B754FA-E38A-4B5C-84F9-DE26B2490DA6} = {E272C46B-195E-4B7F-8EC3-C0F21DF812DF}
		{1D2A29B0-F3FB-4121-9ABD-565C18DF7E0B} = {E272C46B-195E-4B7F-8EC3-C0F21DF812DF}
		{69D4E67E-02FC-4593-BEAC-5615A60903B8} = {E272C46B-195E-4B7F-8EC3-C0F21DF812DF}
		{E272C46B-195E-4B7F-8EC3-C0F21DF812DF} = {54B67188-948F-4BC5-A0E9-257F1B994C8F}
		{98ACB30A-B967-42D4-8267-18120A25ADE4} = {54B67188-948F-4BC5-A0E9-257F1B994C8F}
		{FB5975AF-C8B8-40C1-A94D-C279150D1783} = {4BB15CDC-09C2-4B46-BE9E-A9DCC0134C47}
		{AB907D6D-C954-4F15-B75D-1BE3FB27592D} = {FB5975AF-C8B8-40C1-A94D-C279150D1783}
		{C4084697-EB3F-4AE9-B6BB-E3812A20961B} = {FB5975AF-C8B8-40C1-A94D-C279150D1783}
		{AF44E2DD-0D19-41F4-91A9-B057F8E62528} = {FB5975AF-C8B8-40C1-A94D-C279150D1783}
		{1CB65EC7-AD06-4CBB-9CFF-5CE0A047B700} = {FB5975AF-C8B8-40C1-A94D-C279150D1783}
		{2742800F-ABC4-419B-AA20-CC539E1AC576} = {54B67188-948F-4BC5-A0E9-257F1B994C8F}
		{309E3470-DCA4-41EE-A8BF-0EFA1DD4836D} = {4BB15CDC-09C2-4B46-BE9E-A9DCC0134C47}
		{4823D9E5-FCD6-40BE-8EBF-8D5E82622110} = {309E3470-DCA4-41EE-A8BF-0EFA1DD4836D}
		{B6CD5175-F6FD-4BA3-86F9-12AC099D959F} = {309E3470-DCA4-41EE-A8BF-0EFA1DD4836D}
		{07150554-7BCB-44B8-8868-D257E3BE9D4F} = {458C47D9-7212-4002-ADFA-03D2BB550A16}
		{561B2D37-38E3-4A8D-BBAF-373FC1D43285} = {719CC491-357C-4EA7-AEA4-AE0B5B4921C4}
		{638E8776-97FF-4628-9542-5B3BAE72C99D} = {54B67188-948F-4BC5-A0E9-257F1B994C8F}
		{1D4974CC-1134-4586-AC25-318080A03E18} = {54B67188-948F-4BC5-A0E9-257F1B994C8F}
		{623D5289-6983-4317-B4A2-3E81DC93A09B} = {309E3470-DCA4-41EE-A8BF-0EFA1DD4836D}
		{0043E96A-5C53-47EF-9AF5-B1ABD51ED7F1} = {07150554-7BCB-44B8-8868-D257E3BE9D4F}
		{C57607C1-F454-4AB3-AE78-4689BBD2531F} = {54B67188-948F-4BC5-A0E9-257F1B994C8F}
	EndGlobalSection
	GlobalSection(ExtensibilityGlobals) = postSolution
		SolutionGuid = {755752A5-7916-4A49-AE25-3339A4DADCE5}
	EndGlobalSection
EndGlobal
